
Microsoft Visual Studio Solution File, Format Version 12.00
# Visual Studio Version 17
VisualStudioVersion = 17.14.36518.9 d17.14
MinimumVisualStudioVersion = 10.0.40219.1
Project("{FAE04EC0-301F-11D3-BF4B-00C04F79EFBC}") = "Bai1", "Bai1.csproj", "{85862690-6C38-4223-90D0-4CF5BF18E736}"
EndProject
Global
	GlobalSection(SolutionConfigurationPlatforms) = preSolution
		Debug|Any CPU = Debug|Any CPU
		Release|Any CPU = Release|Any CPU
	EndGlobalSection
	GlobalSection(ProjectConfigurationPlatforms) = postSolution
		{85862690-6C38-4223-90D0-4CF5BF18E736}.Debug|Any CPU.ActiveCfg = Debug|Any CPU
		{85862690-6C38-4223-90D0-4CF5BF18E736}.Debug|Any CPU.Build.0 = Debug|Any CPU
		{85862690-6C38-4223-90D0-4CF5BF18E736}.Release|Any CPU.ActiveCfg = Release|Any CPU
		{85862690-6C38-4223-90D0-4CF5BF18E736}.Release|Any CPU.Build.0 = Release|Any CPU
	EndGlobalSection
	GlobalSection(SolutionProperties) = preSolution
		HideSolutionNode = FALSE
	EndGlobalSection
	GlobalSection(ExtensibilityGlobals) = postSolution
		SolutionGuid = {F954D390-BEA3-444D-B046-0C9046C4446E}
	EndGlobalSection
EndGlobal
